{
  "version": 4,
  "terraform_version": "1.10.0",
  "serial": 34,
  "lineage": "a154657b-4a41-28ee-6b72-d20518bc2625",
  "outputs": {},
  "resources": [
    {
      "module": "module.eks",
      "mode": "data",
      "type": "aws_caller_identity",
      "name": "current",
      "provider": "module.eks.provider[\"registry.terraform.io/hashicorp/aws\"]",
      "instances": [
        {
          "schema_version": 0,
          "attributes": {
            "account_id": "429147130342",
            "arn": "arn:aws:iam::429147130342:user/user-wdduimnlinsi",
            "id": "429147130342",
            "user_id": "AIDAWH2ZJRHTPFYSV4CQJ"
          },
          "sensitive_attributes": []
        }
      ]
    },
    {
      "module": "module.eks",
      "mode": "managed",
      "type": "aws_eks_cluster",
      "name": "this",
      "provider": "module.eks.provider[\"registry.terraform.io/hashicorp/aws\"]",
      "instances": [
        {
          "index_key": "cluster1",
          "schema_version": 1,
          "attributes": {
            "access_config": [
              {
                "authentication_mode": "API_AND_CONFIG_MAP",
                "bootstrap_cluster_creator_admin_permissions": true
              }
            ],
            "arn": "arn:aws:eks:us-east-1:429147130342:cluster/yuva",
            "bootstrap_self_managed_addons": true,
            "certificate_authority": [
              {
                "data": "LS0tLS1CRUdJTiBDRVJUSUZJQ0FURS0tLS0tCk1JSURCVENDQWUyZ0F3SUJBZ0lJTWFCNHc0akdKZzB3RFFZSktvWklodmNOQVFFTEJRQXdGVEVUTUJFR0ExVUUKQXhNS2EzVmlaWEp1WlhSbGN6QWVGdzB5TkRFeU1qVXdOREUxTXpGYUZ3MHpOREV5TWpNd05ESXdNekZhTUJVeApFekFSQmdOVkJBTVRDbXQxWW1WeWJtVjBaWE13Z2dFaU1BMEdDU3FHU0liM0RRRUJBUVVBQTRJQkR3QXdnZ0VLCkFvSUJBUURKTU52VG1rZC90SmJ4ZHE3Y3JnVm1uUGNnV3U1OUU5cVJDL01Xdk8zUzJ5WjVYZjQxQ2xlU054bE8KK3pYKzRYdE1tZEhyNjN2NzRmYmtSdEVJREFVcHFKRTd4bDdmQTBNTDNMZXVZdjJiZVRzcnNjOEFldDZUWVRMKwphcHZGZVF4MVprWThIaHROTG9Sb1VlMU1aaGw0dEMwYXl2TDJnOGtpMmxyMzN3dXV2cHZWbnNzYy95WTFQYWhTCldLOXRUT29WNzk5eXRETENoZnVtVE9aTzFPUDFTaFBzRWxBcE1JOXdnTTJVVy9GNzYxM3cwd2R1b20wdkw1L0wKcmV1bVc0UDh2L1UxdHkyTGMwRURySkJKWld5T1dWUW9JYnI3Yk1yRTIvZUlqQzkzSEtCMnZpNVIraFF5ZlNOaQptNlA5S2ZKWGRtdkMyTDBmeE5iekxkUVlUMXdMQWdNQkFBR2pXVEJYTUE0R0ExVWREd0VCL3dRRUF3SUNwREFQCkJnTlZIUk1CQWY4RUJUQURBUUgvTUIwR0ExVWREZ1FXQkJSNjhuczBXNWJPUWpCOExVYnZrZlZsZXZVWFN6QVYKQmdOVkhSRUVEakFNZ2dwcmRXSmxjbTVsZEdWek1BMEdDU3FHU0liM0RRRUJDd1VBQTRJQkFRQzJ1TFE1UlpGcQpGa1dPSVBlZXJDdm9nUnE4V3lJTi9tNW9UV0V6R3VPdzIvVWRTcXVhbEV2ZExHdUpTQnltUnFYQUZSbFVMM3phClRja2hvT050Ny9pSDA0ZHNCaDNrcmI2ck15OVpRMm96c3BlQlhZcjZUSHZyRndobXM1Z3Fva01RT09icDBYejQKSVhhT05WMjlMei8vNWI5Slp3K3kweFo3eS9JUUE5STB1Um9vWkpKKzIrUkJoRmVVbmo0T0lDMEtPUXpqblVzVQpLSC9zSzhxSjY5L3ZHdVFGL3NkdmY4TjIrSGNUWFlkRGRjaWhnamFEbTNEdC9oVG4vTDY1dmRtaFliMzBEaWUxCitIdEdpeC82b29kTCtkeEVMSEVJaFEzM2NiOERDTld4K2xkTWJnQU5XWEQ0YzA2VjV4M2IzYWNmYmd5d2l2UUIKYmRCbzkzREdVdHlHCi0tLS0tRU5EIENFUlRJRklDQVRFLS0tLS0K"
              }
            ],
            "cluster_id": null,
            "compute_config": [],
            "created_at": "2024-12-25T04:15:23Z",
            "enabled_cluster_log_types": [
              "api",
              "audit",
              "authenticator"
            ],
            "encryption_config": [],
            "endpoint": "https://7B66D18A972953745F3295C1B00B2D14.gr7.us-east-1.eks.amazonaws.com",
            "id": "yuva",
            "identity": [
              {
                "oidc": [
                  {
                    "issuer": "https://oidc.eks.us-east-1.amazonaws.com/id/7B66D18A972953745F3295C1B00B2D14"
                  }
                ]
              }
            ],
            "kubernetes_network_config": [
              {
                "elastic_load_balancing": [
                  {
                    "enabled": false
                  }
                ],
                "ip_family": "ipv4",
                "service_ipv4_cidr": "10.100.0.0/16",
                "service_ipv6_cidr": ""
              }
            ],
            "name": "yuva",
            "outpost_config": [],
            "platform_version": "eks.15",
            "remote_network_config": [],
            "role_arn": "arn:aws:iam::429147130342:role/eks-cluster-role",
            "status": "ACTIVE",
            "storage_config": [],
            "tags": {
              "Environment": "Production",
              "Project": "EKS",
              "terraform-aws-modules": "eks"
            },
            "tags_all": {
              "Environment": "Production",
              "Project": "EKS",
              "terraform-aws-modules": "eks"
            },
            "timeouts": {
              "create": "40m",
              "delete": "35m",
              "update": "30m"
            },
            "upgrade_policy": [
              {
                "support_type": "EXTENDED"
              }
            ],
            "version": "1.31",
            "vpc_config": [
              {
                "cluster_security_group_id": "sg-064700aefc4acb208",
                "endpoint_private_access": true,
                "endpoint_public_access": true,
                "public_access_cidrs": [
                  "0.0.0.0/0"
                ],
                "security_group_ids": [
                  "sg-043bd7c665a6e6f97"
                ],
                "subnet_ids": [
                  "subnet-0ab4f893f4311cec0",
                  "subnet-0f6efc487e9461480"
                ],
                "vpc_id": "vpc-0fb09ca9d377d7c4f"
              }
            ],
            "zonal_shift_config": []
          },
          "sensitive_attributes": [],
          "private": "eyJlMmJmYjczMC1lY2FhLTExZTYtOGY4OC0zNDM2M2JjN2M0YzAiOnsiY3JlYXRlIjoyNDAwMDAwMDAwMDAwLCJkZWxldGUiOjIxMDAwMDAwMDAwMDAsInVwZGF0ZSI6MTgwMDAwMDAwMDAwMH0sInNjaGVtYV92ZXJzaW9uIjoiMSJ9",
          "dependencies": [
            "module.eks.aws_iam_role.eks_cluster_role",
            "module.eks.aws_security_group.eks_sg"
          ]
        }
      ]
    },
    {
      "module": "module.eks",
      "mode": "managed",
      "type": "aws_iam_policy",
      "name": "allow_deny_policy",
      "provider": "module.eks.provider[\"registry.terraform.io/hashicorp/aws\"]",
      "instances": [
        {
          "schema_version": 0,
          "attributes": {
            "arn": "arn:aws:iam::429147130342:policy/CustomAllowDenyPolicy",
            "attachment_count": 0,
            "description": "A policy that allows and denies specific EKS actions",
            "id": "arn:aws:iam::429147130342:policy/CustomAllowDenyPolicy",
            "name": "CustomAllowDenyPolicy",
            "name_prefix": "",
            "path": "/",
            "policy": "{\"Statement\":[{\"Action\":[\"eks:DescribeCluster\",\"eks:ListClusters\",\"eks:ListUpdates\",\"eks:DescribeUpdate\",\"eks:DescribeNodegroup\",\"eks:ListNodegroups\"],\"Effect\":\"Allow\",\"Resource\":\"arn:aws:eks:us-east-1:*\"},{\"Action\":[\"eks:DeleteCluster\",\"eks:UpdateClusterVersion\",\"ec2:DescribeInstances\",\"ec2:DescribeSecurityGroups\",\"ec2:DescribeSubnets\",\"ec2:DescribeVpcs\"],\"Effect\":\"Deny\",\"Resource\":[\"arn:aws:eks:us-east-1:429147130342:cluster/\",\"arn:aws:ec2:us-east-1:429147130342:instance/*\",\"arn:aws:ec2:us-east-1:429147130342:security-group/*\",\"arn:aws:ec2:us-east-1:429147130342:subnet/*\",\"arn:aws:ec2:us-east-1:429147130342:vpc/*\"]}],\"Version\":\"2012-10-17\"}",
            "policy_id": "ANPAWH2ZJRHTNMCSOWQPH",
            "tags": null,
            "tags_all": {}
          },
          "sensitive_attributes": [],
          "private": "bnVsbA==",
          "dependencies": [
            "module.eks.data.aws_caller_identity.current"
          ]
        }
      ]
    },
    {
      "module": "module.eks",
      "mode": "managed",
      "type": "aws_iam_role",
      "name": "eks_cluster_role",
      "provider": "module.eks.provider[\"registry.terraform.io/hashicorp/aws\"]",
      "instances": [
        {
          "schema_version": 0,
          "attributes": {
            "arn": "arn:aws:iam::429147130342:role/eks-cluster-role",
            "assume_role_policy": "{\"Statement\":[{\"Action\":\"sts:AssumeRole\",\"Effect\":\"Allow\",\"Principal\":{\"Service\":\"eks.amazonaws.com\"}}],\"Version\":\"2012-10-17\"}",
            "create_date": "2024-12-25T04:15:16Z",
            "description": "",
            "force_detach_policies": false,
            "id": "eks-cluster-role",
            "inline_policy": [],
            "managed_policy_arns": [],
            "max_session_duration": 3600,
            "name": "eks-cluster-role",
            "name_prefix": "",
            "path": "/",
            "permissions_boundary": "",
            "tags": null,
            "tags_all": {},
            "unique_id": "AROAWH2ZJRHTLFWSPFSKN"
          },
          "sensitive_attributes": [],
          "private": "bnVsbA=="
        }
      ]
    },
    {
      "module": "module.eks",
      "mode": "managed",
      "type": "aws_iam_role_policy_attachment",
      "name": "aws_managed_policies",
      "provider": "module.eks.provider[\"registry.terraform.io/hashicorp/aws\"]",
      "instances": [
        {
          "index_key": "arn:aws:iam::aws:policy/AmazonEKSClusterPolicy",
          "schema_version": 0,
          "attributes": {
            "id": "eks-cluster-role-20241225041516788700000004",
            "policy_arn": "arn:aws:iam::aws:policy/AmazonEKSClusterPolicy",
            "role": "eks-cluster-role"
          },
          "sensitive_attributes": [],
          "private": "bnVsbA==",
          "dependencies": [
            "module.eks.aws_iam_role.eks_cluster_role"
          ]
        },
        {
          "index_key": "arn:aws:iam::aws:policy/AmazonEKSServicePolicy",
          "schema_version": 0,
          "attributes": {
            "id": "eks-cluster-role-20241225041516426000000003",
            "policy_arn": "arn:aws:iam::aws:policy/AmazonEKSServicePolicy",
            "role": "eks-cluster-role"
          },
          "sensitive_attributes": [],
          "private": "bnVsbA==",
          "dependencies": [
            "module.eks.aws_iam_role.eks_cluster_role"
          ]
        }
      ]
    },
    {
      "module": "module.eks",
      "mode": "managed",
      "type": "aws_iam_role_policy_attachment",
      "name": "customer_managed_policy",
      "provider": "module.eks.provider[\"registry.terraform.io/hashicorp/aws\"]",
      "instances": [
        {
          "schema_version": 0,
          "attributes": {
            "id": "eks-cluster-role-20241225041516426000000002",
            "policy_arn": "arn:aws:iam::429147130342:policy/CustomAllowDenyPolicy",
            "role": "eks-cluster-role"
          },
          "sensitive_attributes": [],
          "private": "bnVsbA==",
          "dependencies": [
            "module.eks.aws_iam_policy.allow_deny_policy",
            "module.eks.aws_iam_role.eks_cluster_role",
            "module.eks.data.aws_caller_identity.current"
          ]
        }
      ]
    },
    {
      "module": "module.eks",
      "mode": "managed",
      "type": "aws_security_group",
      "name": "eks_sg",
      "provider": "module.eks.provider[\"registry.terraform.io/hashicorp/aws\"]",
      "instances": [
        {
          "schema_version": 1,
          "attributes": {
            "arn": "arn:aws:ec2:us-east-1:429147130342:security-group/sg-043bd7c665a6e6f97",
            "description": "EKS Cluster Security Group",
            "egress": [
              {
                "cidr_blocks": [
                  "0.0.0.0/0"
                ],
                "description": "",
                "from_port": 0,
                "ipv6_cidr_blocks": [],
                "prefix_list_ids": [],
                "protocol": "tcp",
                "security_groups": [],
                "self": false,
                "to_port": 65535
              }
            ],
            "id": "sg-043bd7c665a6e6f97",
            "ingress": [
              {
                "cidr_blocks": [
                  "0.0.0.0/0"
                ],
                "description": "",
                "from_port": 0,
                "ipv6_cidr_blocks": [],
                "prefix_list_ids": [],
                "protocol": "tcp",
                "security_groups": [],
                "self": false,
                "to_port": 65535
              },
              {
                "cidr_blocks": [
                  "0.0.0.0/0"
                ],
                "description": "",
                "from_port": 22,
                "ipv6_cidr_blocks": [],
                "prefix_list_ids": [],
                "protocol": "tcp",
                "security_groups": [],
                "self": false,
                "to_port": 22
              },
              {
                "cidr_blocks": [
                  "0.0.0.0/0"
                ],
                "description": "",
                "from_port": 443,
                "ipv6_cidr_blocks": [],
                "prefix_list_ids": [],
                "protocol": "tcp",
                "security_groups": [],
                "self": false,
                "to_port": 443
              }
            ],
            "name": "-sg20241225041514087900000001",
            "name_prefix": "-sg",
            "owner_id": "429147130342",
            "revoke_rules_on_delete": false,
            "tags": {
              "Name": "eks-cluster-sg"
            },
            "tags_all": {
              "Name": "eks-cluster-sg"
            },
            "timeouts": null,
            "vpc_id": "vpc-0fb09ca9d377d7c4f"
          },
          "sensitive_attributes": [],
          "private": "eyJlMmJmYjczMC1lY2FhLTExZTYtOGY4OC0zNDM2M2JjN2M0YzAiOnsiY3JlYXRlIjo2MDAwMDAwMDAwMDAsImRlbGV0ZSI6OTAwMDAwMDAwMDAwfSwic2NoZW1hX3ZlcnNpb24iOiIxIn0="
        }
      ]
    }
  ],
  "check_results": null
}
